{
  "version": 4,
  "terraform_version": "1.4.2",
  "serial": 110,
  "lineage": "fb83636c-1c88-67c7-f898-de4070f48e61",
  "outputs": {
    "bucket_name": {
      "value": "prosper-jori",
      "type": "string"
    },
    "delete_note_function_url": {
      "value": "https://2rqrrwkckeyq7gycnkfwprfm3i0wrtyk.lambda-url.ca-central-1.on.aws/",
      "type": "string"
    },
    "get_note_function_url": {
      "value": "https://jd5fhxv5yggxzjuyr7rlpsar4e0saoks.lambda-url.ca-central-1.on.aws/",
      "type": "string"
    },
    "save_note_function_url": {
      "value": "https://yunxicxir6sarmr5chvuhgn47y0elqsq.lambda-url.ca-central-1.on.aws/",
      "type": "string"
    }
  },
  "resources": [
    {
      "mode": "data",
      "type": "archive_file",
      "name": "lambda_zip_delete_note",
      "provider": "provider[\"registry.terraform.io/hashicorp/archive\"]",
      "instances": [
        {
          "schema_version": 0,
          "attributes": {
            "excludes": null,
            "id": "547b9c67c17ca16a30e7e4fe5a4dc2e29c789163",
            "output_base64sha256": "KlBwhziKpZGxUZiOzMw8WtuK834sC87bzlEnydLFIi4=",
            "output_file_mode": null,
            "output_md5": "cb73c68fa3637fbfba88976d61dc6999",
            "output_path": "delete-note-30143058 artifact.zip",
            "output_sha": "547b9c67c17ca16a30e7e4fe5a4dc2e29c789163",
            "output_size": 480,
            "source": [],
            "source_content": null,
            "source_content_filename": null,
            "source_dir": null,
            "source_file": "../functions/delete-note/main.py",
            "type": "zip"
          },
          "sensitive_attributes": []
        }
      ]
    },
    {
      "mode": "data",
      "type": "archive_file",
      "name": "lambda_zip_get_note",
      "provider": "provider[\"registry.terraform.io/hashicorp/archive\"]",
      "instances": [
        {
          "schema_version": 0,
          "attributes": {
            "excludes": null,
            "id": "458f9f8106ea180fc374ac458ce15bb922e5c10f",
            "output_base64sha256": "EnyoT0vkGwK4fva680qG11pKtTDQyzbU+AQak6U6pQU=",
            "output_file_mode": null,
            "output_md5": "93db91a9eac384106007e2b05c2fc8d7",
            "output_path": "get-notes-30143058 artifact.zip",
            "output_sha": "458f9f8106ea180fc374ac458ce15bb922e5c10f",
            "output_size": 905,
            "source": [],
            "source_content": null,
            "source_content_filename": null,
            "source_dir": null,
            "source_file": "../functions/get-notes/main.py",
            "type": "zip"
          },
          "sensitive_attributes": []
        }
      ]
    },
    {
      "mode": "data",
      "type": "archive_file",
      "name": "lambda_zip_save_note",
      "provider": "provider[\"registry.terraform.io/hashicorp/archive\"]",
      "instances": [
        {
          "schema_version": 0,
          "attributes": {
            "excludes": null,
            "id": "48dbe1761450c10a4d523ae95957bea64be80bda",
            "output_base64sha256": "YrPZRPuh1OuY1KlE7cCwxaJT5Z7HHM8ZnGBFkOSHaes=",
            "output_file_mode": null,
            "output_md5": "737c0db2b7070b0846d216994b03d2bf",
            "output_path": "save-note-30143058 artifact.zip",
            "output_sha": "48dbe1761450c10a4d523ae95957bea64be80bda",
            "output_size": 436,
            "source": [],
            "source_content": null,
            "source_content_filename": null,
            "source_dir": null,
            "source_file": "../functions/save-note/main.py",
            "type": "zip"
          },
          "sensitive_attributes": []
        }
      ]
    },
    {
      "mode": "managed",
      "type": "aws_dynamodb_table",
      "name": "notes",
      "provider": "provider[\"registry.terraform.io/hashicorp/aws\"]",
      "instances": [
        {
          "schema_version": 1,
          "attributes": {
            "arn": "arn:aws:dynamodb:ca-central-1:168015185886:table/lotion-30145690",
            "attribute": [
              {
                "name": "email",
                "type": "S"
              },
              {
                "name": "id",
                "type": "S"
              }
            ],
            "billing_mode": "PROVISIONED",
            "deletion_protection_enabled": false,
            "global_secondary_index": [],
            "hash_key": "email",
            "id": "lotion-30145690",
            "local_secondary_index": [],
            "name": "lotion-30145690",
            "point_in_time_recovery": [
              {
                "enabled": false
              }
            ],
            "range_key": "id",
            "read_capacity": 1,
            "replica": [],
            "restore_date_time": null,
            "restore_source_name": null,
            "restore_to_latest_time": null,
            "server_side_encryption": [],
            "stream_arn": "",
            "stream_enabled": false,
            "stream_label": "",
            "stream_view_type": "",
            "table_class": "STANDARD",
            "tags": {},
            "tags_all": {},
            "timeouts": null,
            "ttl": [
              {
                "attribute_name": "",
                "enabled": false
              }
            ],
            "write_capacity": 1
          },
          "sensitive_attributes": [],
          "private": "eyJlMmJmYjczMC1lY2FhLTExZTYtOGY4OC0zNDM2M2JjN2M0YzAiOnsiY3JlYXRlIjoxODAwMDAwMDAwMDAwLCJkZWxldGUiOjYwMDAwMDAwMDAwMCwidXBkYXRlIjozNjAwMDAwMDAwMDAwfSwic2NoZW1hX3ZlcnNpb24iOiIxIn0="
        }
      ]
    },
    {
      "mode": "managed",
      "type": "aws_iam_policy",
      "name": "delete_note_logs",
      "provider": "provider[\"registry.terraform.io/hashicorp/aws\"]",
      "instances": [
        {
          "schema_version": 0,
          "attributes": {
            "arn": "arn:aws:iam::168015185886:policy/lambda-logging-delete-note-30143058",
            "description": "IAM policy for logging from a lambda",
            "id": "arn:aws:iam::168015185886:policy/lambda-logging-delete-note-30143058",
            "name": "lambda-logging-delete-note-30143058",
            "name_prefix": null,
            "path": "/",
            "policy": "{\"Statement\":[{\"Action\":[\"logs:CreateLogGroup\",\"logs:CreateLogStream\",\"logs:PutLogEvents\",\"dynamodb:DeleteItem\"],\"Effect\":\"Allow\",\"Resource\":[\"arn:aws:logs:*:*:*\",\"arn:aws:dynamodb:ca-central-1:168015185886:table/lotion-30145690\"]}],\"Version\":\"2012-10-17\"}",
            "policy_id": "ANPASOHT4I7PIRNK7J5IY",
            "tags": {},
            "tags_all": {}
          },
          "sensitive_attributes": [],
          "private": "bnVsbA==",
          "dependencies": [
            "aws_dynamodb_table.notes"
          ]
        }
      ]
    },
    {
      "mode": "managed",
      "type": "aws_iam_policy",
      "name": "get_note_logs",
      "provider": "provider[\"registry.terraform.io/hashicorp/aws\"]",
      "instances": [
        {
          "schema_version": 0,
          "attributes": {
            "arn": "arn:aws:iam::168015185886:policy/lambda-logging-get-notes-30143058",
            "description": "IAM policy for logging from a lambda",
            "id": "arn:aws:iam::168015185886:policy/lambda-logging-get-notes-30143058",
            "name": "lambda-logging-get-notes-30143058",
            "name_prefix": null,
            "path": "/",
            "policy": "{\"Statement\":[{\"Action\":[\"logs:CreateLogGroup\",\"logs:CreateLogStream\",\"logs:PutLogEvents\",\"dynamodb:Query\"],\"Effect\":\"Allow\",\"Resource\":[\"arn:aws:logs:*:*:*\",\"arn:aws:dynamodb:ca-central-1:168015185886:table/lotion-30145690\"]}],\"Version\":\"2012-10-17\"}",
            "policy_id": "ANPASOHT4I7PLPW3MUCM5",
            "tags": {},
            "tags_all": {}
          },
          "sensitive_attributes": [],
          "private": "bnVsbA==",
          "dependencies": [
            "aws_dynamodb_table.notes"
          ]
        }
      ]
    },
    {
      "mode": "managed",
      "type": "aws_iam_policy",
      "name": "save_note_logs",
      "provider": "provider[\"registry.terraform.io/hashicorp/aws\"]",
      "instances": [
        {
          "schema_version": 0,
          "attributes": {
            "arn": "arn:aws:iam::168015185886:policy/lambda-logging-save-note-30143058",
            "description": "IAM policy for logging from a lambda",
            "id": "arn:aws:iam::168015185886:policy/lambda-logging-save-note-30143058",
            "name": "lambda-logging-save-note-30143058",
            "name_prefix": null,
            "path": "/",
            "policy": "{\"Statement\":[{\"Action\":[\"logs:CreateLogGroup\",\"logs:CreateLogStream\",\"logs:PutLogEvents\",\"dynamodb:PutItem\"],\"Effect\":\"Allow\",\"Resource\":[\"arn:aws:logs:*:*:*\",\"arn:aws:dynamodb:ca-central-1:168015185886:table/lotion-30145690\"]}],\"Version\":\"2012-10-17\"}",
            "policy_id": "ANPASOHT4I7PJLGDT5MDD",
            "tags": {},
            "tags_all": {}
          },
          "sensitive_attributes": [],
          "private": "bnVsbA==",
          "dependencies": [
            "aws_dynamodb_table.notes"
          ]
        }
      ]
    },
    {
      "mode": "managed",
      "type": "aws_iam_role",
      "name": "lambda_delete_note",
      "provider": "provider[\"registry.terraform.io/hashicorp/aws\"]",
      "instances": [
        {
          "schema_version": 0,
          "attributes": {
            "arn": "arn:aws:iam::168015185886:role/iam-for-lambda-delete-note-30143058",
            "assume_role_policy": "{\"Statement\":[{\"Action\":\"sts:AssumeRole\",\"Effect\":\"Allow\",\"Principal\":{\"Service\":\"lambda.amazonaws.com\"},\"Sid\":\"\"}],\"Version\":\"2012-10-17\"}",
            "create_date": "2023-03-23T19:43:14Z",
            "description": "",
            "force_detach_policies": false,
            "id": "iam-for-lambda-delete-note-30143058",
            "inline_policy": [],
            "managed_policy_arns": [
              "arn:aws:iam::168015185886:policy/lambda-logging-delete-note-30143058"
            ],
            "max_session_duration": 3600,
            "name": "iam-for-lambda-delete-note-30143058",
            "name_prefix": "",
            "path": "/",
            "permissions_boundary": null,
            "tags": {},
            "tags_all": {},
            "unique_id": "AROASOHT4I7PAPVJNBCBM"
          },
          "sensitive_attributes": [],
          "private": "bnVsbA=="
        }
      ]
    },
    {
      "mode": "managed",
      "type": "aws_iam_role",
      "name": "lambda_get_note",
      "provider": "provider[\"registry.terraform.io/hashicorp/aws\"]",
      "instances": [
        {
          "schema_version": 0,
          "attributes": {
            "arn": "arn:aws:iam::168015185886:role/iam-for-lambda-get-notes-30143058",
            "assume_role_policy": "{\"Statement\":[{\"Action\":\"sts:AssumeRole\",\"Effect\":\"Allow\",\"Principal\":{\"Service\":\"lambda.amazonaws.com\"},\"Sid\":\"\"}],\"Version\":\"2012-10-17\"}",
            "create_date": "2023-03-23T19:43:14Z",
            "description": "",
            "force_detach_policies": false,
            "id": "iam-for-lambda-get-notes-30143058",
            "inline_policy": [],
            "managed_policy_arns": [
              "arn:aws:iam::168015185886:policy/lambda-logging-get-notes-30143058"
            ],
            "max_session_duration": 3600,
            "name": "iam-for-lambda-get-notes-30143058",
            "name_prefix": "",
            "path": "/",
            "permissions_boundary": null,
            "tags": {},
            "tags_all": {},
            "unique_id": "AROASOHT4I7PHJZZBROSM"
          },
          "sensitive_attributes": [],
          "private": "bnVsbA=="
        }
      ]
    },
    {
      "mode": "managed",
      "type": "aws_iam_role",
      "name": "lambda_save_note",
      "provider": "provider[\"registry.terraform.io/hashicorp/aws\"]",
      "instances": [
        {
          "schema_version": 0,
          "attributes": {
            "arn": "arn:aws:iam::168015185886:role/iam-for-lambda-save-note-30143058",
            "assume_role_policy": "{\"Statement\":[{\"Action\":\"sts:AssumeRole\",\"Effect\":\"Allow\",\"Principal\":{\"Service\":\"lambda.amazonaws.com\"},\"Sid\":\"\"}],\"Version\":\"2012-10-17\"}",
            "create_date": "2023-03-23T19:43:14Z",
            "description": "",
            "force_detach_policies": false,
            "id": "iam-for-lambda-save-note-30143058",
            "inline_policy": [],
            "managed_policy_arns": [
              "arn:aws:iam::168015185886:policy/lambda-logging-save-note-30143058"
            ],
            "max_session_duration": 3600,
            "name": "iam-for-lambda-save-note-30143058",
            "name_prefix": "",
            "path": "/",
            "permissions_boundary": null,
            "tags": {},
            "tags_all": {},
            "unique_id": "AROASOHT4I7PC6O5VCFW2"
          },
          "sensitive_attributes": [],
          "private": "bnVsbA=="
        }
      ]
    },
    {
      "mode": "managed",
      "type": "aws_iam_role_policy_attachment",
      "name": "lambda_logs_delete",
      "provider": "provider[\"registry.terraform.io/hashicorp/aws\"]",
      "instances": [
        {
          "schema_version": 0,
          "attributes": {
            "id": "iam-for-lambda-delete-note-30143058-20230323194313157500000001",
            "policy_arn": "arn:aws:iam::168015185886:policy/lambda-logging-delete-note-30143058",
            "role": "iam-for-lambda-delete-note-30143058"
          },
          "sensitive_attributes": [],
          "private": "bnVsbA==",
          "dependencies": [
            "aws_dynamodb_table.notes",
            "aws_iam_policy.delete_note_logs",
            "aws_iam_role.lambda_delete_note"
          ]
        }
      ]
    },
    {
      "mode": "managed",
      "type": "aws_iam_role_policy_attachment",
      "name": "lambda_logs_get",
      "provider": "provider[\"registry.terraform.io/hashicorp/aws\"]",
      "instances": [
        {
          "schema_version": 0,
          "attributes": {
            "id": "iam-for-lambda-get-notes-30143058-20230323194313226000000003",
            "policy_arn": "arn:aws:iam::168015185886:policy/lambda-logging-get-notes-30143058",
            "role": "iam-for-lambda-get-notes-30143058"
          },
          "sensitive_attributes": [],
          "private": "bnVsbA==",
          "dependencies": [
            "aws_dynamodb_table.notes",
            "aws_iam_policy.get_note_logs",
            "aws_iam_role.lambda_get_note"
          ]
        }
      ]
    },
    {
      "mode": "managed",
      "type": "aws_iam_role_policy_attachment",
      "name": "lambda_logs_save",
      "provider": "provider[\"registry.terraform.io/hashicorp/aws\"]",
      "instances": [
        {
          "schema_version": 0,
          "attributes": {
            "id": "iam-for-lambda-save-note-30143058-20230323194313214800000002",
            "policy_arn": "arn:aws:iam::168015185886:policy/lambda-logging-save-note-30143058",
            "role": "iam-for-lambda-save-note-30143058"
          },
          "sensitive_attributes": [],
          "private": "bnVsbA==",
          "dependencies": [
            "aws_dynamodb_table.notes",
            "aws_iam_policy.save_note_logs",
            "aws_iam_role.lambda_save_note"
          ]
        }
      ]
    },
    {
      "mode": "managed",
      "type": "aws_lambda_function",
      "name": "lambda_delete_note",
      "provider": "provider[\"registry.terraform.io/hashicorp/aws\"]",
      "instances": [
        {
          "schema_version": 0,
          "attributes": {
            "architectures": [
              "x86_64"
            ],
            "arn": "arn:aws:lambda:ca-central-1:168015185886:function:delete-note-30143058",
            "code_signing_config_arn": "",
            "dead_letter_config": [],
            "description": "",
            "environment": [],
            "ephemeral_storage": [
              {
                "size": 512
              }
            ],
            "file_system_config": [],
            "filename": "delete-note-30143058 artifact.zip",
            "function_name": "delete-note-30143058",
            "handler": "main.handler",
            "id": "delete-note-30143058",
            "image_config": [],
            "image_uri": "",
            "invoke_arn": "arn:aws:apigateway:ca-central-1:lambda:path/2015-03-31/functions/arn:aws:lambda:ca-central-1:168015185886:function:delete-note-30143058/invocations",
            "kms_key_arn": "",
            "last_modified": "2023-03-24T01:04:09.000+0000",
            "layers": [],
            "memory_size": 128,
            "package_type": "Zip",
            "publish": false,
            "qualified_arn": "arn:aws:lambda:ca-central-1:168015185886:function:delete-note-30143058:$LATEST",
            "qualified_invoke_arn": "arn:aws:apigateway:ca-central-1:lambda:path/2015-03-31/functions/arn:aws:lambda:ca-central-1:168015185886:function:delete-note-30143058:$LATEST/invocations",
            "replace_security_groups_on_destroy": null,
            "replacement_security_group_ids": null,
            "reserved_concurrent_executions": -1,
            "role": "arn:aws:iam::168015185886:role/iam-for-lambda-delete-note-30143058",
            "runtime": "python3.9",
            "s3_bucket": null,
            "s3_key": null,
            "s3_object_version": null,
            "signing_job_arn": "",
            "signing_profile_version_arn": "",
            "skip_destroy": false,
            "snap_start": [],
            "source_code_hash": "KlBwhziKpZGxUZiOzMw8WtuK834sC87bzlEnydLFIi4=",
            "source_code_size": 480,
            "tags": {},
            "tags_all": {},
            "timeout": 3,
            "timeouts": null,
            "tracing_config": [
              {
                "mode": "PassThrough"
              }
            ],
            "version": "$LATEST",
            "vpc_config": []
          },
          "sensitive_attributes": [],
          "private": "eyJlMmJmYjczMC1lY2FhLTExZTYtOGY4OC0zNDM2M2JjN2M0YzAiOnsiY3JlYXRlIjo2MDAwMDAwMDAwMDAsImRlbGV0ZSI6NjAwMDAwMDAwMDAwLCJ1cGRhdGUiOjYwMDAwMDAwMDAwMH19",
          "dependencies": [
            "aws_iam_role.lambda_delete_note",
            "data.archive_file.lambda_zip_delete_note"
          ]
        }
      ]
    },
    {
      "mode": "managed",
      "type": "aws_lambda_function",
      "name": "lambda_get_note",
      "provider": "provider[\"registry.terraform.io/hashicorp/aws\"]",
      "instances": [
        {
          "schema_version": 0,
          "attributes": {
            "architectures": [
              "x86_64"
            ],
            "arn": "arn:aws:lambda:ca-central-1:168015185886:function:get-notes-30143058",
            "code_signing_config_arn": "",
            "dead_letter_config": [],
            "description": "",
            "environment": [],
            "ephemeral_storage": [
              {
                "size": 512
              }
            ],
            "file_system_config": [],
            "filename": "get-notes-30143058 artifact.zip",
            "function_name": "get-notes-30143058",
            "handler": "main.handler",
            "id": "get-notes-30143058",
            "image_config": [],
            "image_uri": "",
            "invoke_arn": "arn:aws:apigateway:ca-central-1:lambda:path/2015-03-31/functions/arn:aws:lambda:ca-central-1:168015185886:function:get-notes-30143058/invocations",
            "kms_key_arn": "",
            "last_modified": "2023-03-24T17:44:51.000+0000",
            "layers": [],
            "memory_size": 128,
            "package_type": "Zip",
            "publish": false,
            "qualified_arn": "arn:aws:lambda:ca-central-1:168015185886:function:get-notes-30143058:$LATEST",
            "qualified_invoke_arn": "arn:aws:apigateway:ca-central-1:lambda:path/2015-03-31/functions/arn:aws:lambda:ca-central-1:168015185886:function:get-notes-30143058:$LATEST/invocations",
            "replace_security_groups_on_destroy": null,
            "replacement_security_group_ids": null,
            "reserved_concurrent_executions": -1,
            "role": "arn:aws:iam::168015185886:role/iam-for-lambda-get-notes-30143058",
            "runtime": "python3.9",
            "s3_bucket": null,
            "s3_key": null,
            "s3_object_version": null,
            "signing_job_arn": "",
            "signing_profile_version_arn": "",
            "skip_destroy": false,
            "snap_start": [],
            "source_code_hash": "EnyoT0vkGwK4fva680qG11pKtTDQyzbU+AQak6U6pQU=",
            "source_code_size": 905,
            "tags": {},
            "tags_all": {},
            "timeout": 3,
            "timeouts": null,
            "tracing_config": [
              {
                "mode": "PassThrough"
              }
            ],
            "version": "$LATEST",
            "vpc_config": []
          },
          "sensitive_attributes": [],
          "private": "eyJlMmJmYjczMC1lY2FhLTExZTYtOGY4OC0zNDM2M2JjN2M0YzAiOnsiY3JlYXRlIjo2MDAwMDAwMDAwMDAsImRlbGV0ZSI6NjAwMDAwMDAwMDAwLCJ1cGRhdGUiOjYwMDAwMDAwMDAwMH19",
          "dependencies": [
            "aws_iam_role.lambda_get_note",
            "data.archive_file.lambda_zip_get_note"
          ]
        }
      ]
    },
    {
      "mode": "managed",
      "type": "aws_lambda_function",
      "name": "lambda_save_note",
      "provider": "provider[\"registry.terraform.io/hashicorp/aws\"]",
      "instances": [
        {
          "schema_version": 0,
          "attributes": {
            "architectures": [
              "x86_64"
            ],
            "arn": "arn:aws:lambda:ca-central-1:168015185886:function:save-note-30143058",
            "code_signing_config_arn": "",
            "dead_letter_config": [],
            "description": "",
            "environment": [],
            "ephemeral_storage": [
              {
                "size": 512
              }
            ],
            "file_system_config": [],
            "filename": "save-note-30143058 artifact.zip",
            "function_name": "save-note-30143058",
            "handler": "main.handler",
            "id": "save-note-30143058",
            "image_config": [],
            "image_uri": "",
            "invoke_arn": "arn:aws:apigateway:ca-central-1:lambda:path/2015-03-31/functions/arn:aws:lambda:ca-central-1:168015185886:function:save-note-30143058/invocations",
            "kms_key_arn": "",
            "last_modified": "2023-03-24T17:44:56.000+0000",
            "layers": [],
            "memory_size": 128,
            "package_type": "Zip",
            "publish": false,
            "qualified_arn": "arn:aws:lambda:ca-central-1:168015185886:function:save-note-30143058:$LATEST",
            "qualified_invoke_arn": "arn:aws:apigateway:ca-central-1:lambda:path/2015-03-31/functions/arn:aws:lambda:ca-central-1:168015185886:function:save-note-30143058:$LATEST/invocations",
            "replace_security_groups_on_destroy": null,
            "replacement_security_group_ids": null,
            "reserved_concurrent_executions": -1,
            "role": "arn:aws:iam::168015185886:role/iam-for-lambda-save-note-30143058",
            "runtime": "python3.9",
            "s3_bucket": null,
            "s3_key": null,
            "s3_object_version": null,
            "signing_job_arn": "",
            "signing_profile_version_arn": "",
            "skip_destroy": false,
            "snap_start": [],
            "source_code_hash": "YrPZRPuh1OuY1KlE7cCwxaJT5Z7HHM8ZnGBFkOSHaes=",
            "source_code_size": 436,
            "tags": {},
            "tags_all": {},
            "timeout": 3,
            "timeouts": null,
            "tracing_config": [
              {
                "mode": "PassThrough"
              }
            ],
            "version": "$LATEST",
            "vpc_config": []
          },
          "sensitive_attributes": [],
          "private": "eyJlMmJmYjczMC1lY2FhLTExZTYtOGY4OC0zNDM2M2JjN2M0YzAiOnsiY3JlYXRlIjo2MDAwMDAwMDAwMDAsImRlbGV0ZSI6NjAwMDAwMDAwMDAwLCJ1cGRhdGUiOjYwMDAwMDAwMDAwMH19",
          "dependencies": [
            "aws_iam_role.lambda_save_note",
            "data.archive_file.lambda_zip_delete_note",
            "data.archive_file.lambda_zip_save_note"
          ]
        }
      ]
    },
    {
      "mode": "managed",
      "type": "aws_lambda_function_url",
      "name": "delete_note_function_url",
      "provider": "provider[\"registry.terraform.io/hashicorp/aws\"]",
      "instances": [
        {
          "schema_version": 0,
          "attributes": {
            "authorization_type": "NONE",
            "cors": [
              {
                "allow_credentials": true,
                "allow_headers": [
                  "*"
                ],
                "allow_methods": [
                  "DELETE"
                ],
                "allow_origins": [
                  "*"
                ],
                "expose_headers": [
                  "date",
                  "keep_alive"
                ],
                "max_age": 0
              }
            ],
            "function_arn": "arn:aws:lambda:ca-central-1:168015185886:function:delete-note-30143058",
            "function_name": "delete-note-30143058",
            "function_url": "https://2rqrrwkckeyq7gycnkfwprfm3i0wrtyk.lambda-url.ca-central-1.on.aws/",
            "id": "delete-note-30143058",
            "qualifier": "",
            "timeouts": null,
            "url_id": "2rqrrwkckeyq7gycnkfwprfm3i0wrtyk"
          },
          "sensitive_attributes": [],
          "private": "eyJlMmJmYjczMC1lY2FhLTExZTYtOGY4OC0zNDM2M2JjN2M0YzAiOnsiY3JlYXRlIjo2MDAwMDAwMDAwMDB9fQ==",
          "dependencies": [
            "aws_iam_role.lambda_delete_note",
            "aws_lambda_function.lambda_delete_note",
            "data.archive_file.lambda_zip_delete_note"
          ]
        }
      ]
    },
    {
      "mode": "managed",
      "type": "aws_lambda_function_url",
      "name": "get_note_function_url",
      "provider": "provider[\"registry.terraform.io/hashicorp/aws\"]",
      "instances": [
        {
          "schema_version": 0,
          "attributes": {
            "authorization_type": "NONE",
            "cors": [
              {
                "allow_credentials": true,
                "allow_headers": [
                  "*"
                ],
                "allow_methods": [
                  "GET"
                ],
                "allow_origins": [
                  "*"
                ],
                "expose_headers": [
                  "date",
                  "keep_alive"
                ],
                "max_age": 0
              }
            ],
            "function_arn": "arn:aws:lambda:ca-central-1:168015185886:function:get-notes-30143058",
            "function_name": "get-notes-30143058",
            "function_url": "https://jd5fhxv5yggxzjuyr7rlpsar4e0saoks.lambda-url.ca-central-1.on.aws/",
            "id": "get-notes-30143058",
            "qualifier": "",
            "timeouts": null,
            "url_id": "jd5fhxv5yggxzjuyr7rlpsar4e0saoks"
          },
          "sensitive_attributes": [],
          "private": "eyJlMmJmYjczMC1lY2FhLTExZTYtOGY4OC0zNDM2M2JjN2M0YzAiOnsiY3JlYXRlIjo2MDAwMDAwMDAwMDB9fQ==",
          "dependencies": [
            "aws_iam_role.lambda_get_note",
            "aws_lambda_function.lambda_get_note",
            "data.archive_file.lambda_zip_get_note"
          ]
        }
      ]
    },
    {
      "mode": "managed",
      "type": "aws_lambda_function_url",
      "name": "save_note_function_url",
      "provider": "provider[\"registry.terraform.io/hashicorp/aws\"]",
      "instances": [
        {
          "schema_version": 0,
          "attributes": {
            "authorization_type": "NONE",
            "cors": [
              {
                "allow_credentials": true,
                "allow_headers": [
                  "*"
                ],
                "allow_methods": [
                  "POST",
                  "PUT"
                ],
                "allow_origins": [
                  "*"
                ],
                "expose_headers": [
                  "date",
                  "keep_alive"
                ],
                "max_age": 0
              }
            ],
            "function_arn": "arn:aws:lambda:ca-central-1:168015185886:function:save-note-30143058",
            "function_name": "save-note-30143058",
            "function_url": "https://yunxicxir6sarmr5chvuhgn47y0elqsq.lambda-url.ca-central-1.on.aws/",
            "id": "save-note-30143058",
            "qualifier": "",
            "timeouts": null,
            "url_id": "yunxicxir6sarmr5chvuhgn47y0elqsq"
          },
          "sensitive_attributes": [],
          "private": "eyJlMmJmYjczMC1lY2FhLTExZTYtOGY4OC0zNDM2M2JjN2M0YzAiOnsiY3JlYXRlIjo2MDAwMDAwMDAwMDB9fQ==",
          "dependencies": [
            "aws_iam_role.lambda_save_note",
            "aws_lambda_function.lambda_save_note",
            "data.archive_file.lambda_zip_delete_note",
            "data.archive_file.lambda_zip_save_note"
          ]
        }
      ]
    },
    {
      "mode": "managed",
      "type": "aws_s3_bucket",
      "name": "lambda",
      "provider": "provider[\"registry.terraform.io/hashicorp/aws\"]",
      "instances": [
        {
          "schema_version": 0,
          "attributes": {
            "acceleration_status": "",
            "acl": null,
            "arn": "arn:aws:s3:::prosper-jori",
            "bucket": "prosper-jori",
            "bucket_domain_name": "prosper-jori.s3.amazonaws.com",
            "bucket_prefix": null,
            "bucket_regional_domain_name": "prosper-jori.s3.ca-central-1.amazonaws.com",
            "cors_rule": [],
            "force_destroy": false,
            "grant": [
              {
                "id": "cd0907ce900c2ddf6f9441c16502061777e08d165f5c0c289104fe3df67d2122",
                "permissions": [
                  "FULL_CONTROL"
                ],
                "type": "CanonicalUser",
                "uri": ""
              }
            ],
            "hosted_zone_id": "Z1QDHH18159H29",
            "id": "prosper-jori",
            "lifecycle_rule": [],
            "logging": [],
            "object_lock_configuration": [],
            "object_lock_enabled": false,
            "policy": "",
            "region": "ca-central-1",
            "replication_configuration": [],
            "request_payer": "BucketOwner",
            "server_side_encryption_configuration": [
              {
                "rule": [
                  {
                    "apply_server_side_encryption_by_default": [
                      {
                        "kms_master_key_id": "",
                        "sse_algorithm": "AES256"
                      }
                    ],
                    "bucket_key_enabled": false
                  }
                ]
              }
            ],
            "tags": {},
            "tags_all": {},
            "timeouts": null,
            "versioning": [
              {
                "enabled": false,
                "mfa_delete": false
              }
            ],
            "website": [],
            "website_domain": null,
            "website_endpoint": null
          },
          "sensitive_attributes": [],
          "private": "eyJlMmJmYjczMC1lY2FhLTExZTYtOGY4OC0zNDM2M2JjN2M0YzAiOnsiY3JlYXRlIjoxMjAwMDAwMDAwMDAwLCJkZWxldGUiOjM2MDAwMDAwMDAwMDAsInJlYWQiOjEyMDAwMDAwMDAwMDAsInVwZGF0ZSI6MTIwMDAwMDAwMDAwMH19"
        }
      ]
    }
  ],
  "check_results": null
}
